
Microsoft Visual Studio Solution File, Format Version 12.00
# Visual Studio Version 17
VisualStudioVersion = 17.0.32112.339
MinimumVisualStudioVersion = 10.0.40219.1
Project("{FAE04EC0-301F-11D3-BF4B-00C04F79EFBC}") = "Rocky", "Rocky\Rocky.csproj", "{FFEE259B-C313-490D-B78F-376E9E21F6F5}"
EndProject
Global
	GlobalSection(SolutionConfigurationPlatforms) = preSolution
		Debug|Any CPU = Debug|Any CPU
		Release|Any CPU = Release|Any CPU
	EndGlobalSection
	GlobalSection(ProjectConfigurationPlatforms) = postSolution
		{FFEE259B-C313-490D-B78F-376E9E21F6F5}.Debug|Any CPU.ActiveCfg = Debug|Any CPU
		{FFEE259B-C313-490D-B78F-376E9E21F6F5}.Debug|Any CPU.Build.0 = Debug|Any CPU
		{FFEE259B-C313-490D-B78F-376E9E21F6F5}.Release|Any CPU.ActiveCfg = Release|Any CPU
		{FFEE259B-C313-490D-B78F-376E9E21F6F5}.Release|Any CPU.Build.0 = Release|Any CPU
	EndGlobalSection
	GlobalSection(SolutionProperties) = preSolution
		HideSolutionNode = FALSE
	EndGlobalSection
	GlobalSection(ExtensibilityGlobals) = postSolution
		SolutionGuid = {BE72863E-A806-44F4-84FA-9AFAB6D0371A}
	EndGlobalSection
EndGlobal
